
Microsoft Visual Studio Solution File, Format Version 12.00
# Visual Studio 15
Project("{FAE04EC0-301F-11D3-BF4B-00C04F79EFBC}") = "HololensDemo", "HololensDemo.csproj", "{7E54F3FE-273E-5981-3358-6031957C8643}"
EndProject
Project("{FAE04EC0-301F-11D3-BF4B-00C04F79EFBC}") = "HololensDemo.Editor", "HololensDemo.Editor.csproj", "{B2B883BA-9EE0-D2E1-AB10-DDE68E15C3E0}"
EndProject
Global
	GlobalSection(SolutionConfigurationPlatforms) = preSolution
		Debug|Any CPU = Debug|Any CPU
		Release|Any CPU = Release|Any CPU
	EndGlobalSection
	GlobalSection(ProjectConfigurationPlatforms) = postSolution
		{7E54F3FE-273E-5981-3358-6031957C8643}.Debug|Any CPU.ActiveCfg = Debug|Any CPU
		{7E54F3FE-273E-5981-3358-6031957C8643}.Debug|Any CPU.Build.0 = Debug|Any CPU
		{7E54F3FE-273E-5981-3358-6031957C8643}.Release|Any CPU.ActiveCfg = Release|Any CPU
		{7E54F3FE-273E-5981-3358-6031957C8643}.Release|Any CPU.Build.0 = Release|Any CPU
		{B2B883BA-9EE0-D2E1-AB10-DDE68E15C3E0}.Debug|Any CPU.ActiveCfg = Debug|Any CPU
		{B2B883BA-9EE0-D2E1-AB10-DDE68E15C3E0}.Debug|Any CPU.Build.0 = Debug|Any CPU
		{B2B883BA-9EE0-D2E1-AB10-DDE68E15C3E0}.Release|Any CPU.ActiveCfg = Release|Any CPU
		{B2B883BA-9EE0-D2E1-AB10-DDE68E15C3E0}.Release|Any CPU.Build.0 = Release|Any CPU
	EndGlobalSection
	GlobalSection(SolutionProperties) = preSolution
		HideSolutionNode = FALSE
	EndGlobalSection
EndGlobal
